
Microsoft Visual Studio Solution File, Format Version 12.00
# Visual Studio Version 17
VisualStudioVersion = 17.0.32112.339
MinimumVisualStudioVersion = 10.0.40219.1
Project("{FAE04EC0-301F-11D3-BF4B-00C04F79EFBC}") = "PushNotifications", "PushNotifications\PushNotifications.csproj", "{C63B3FA4-3AB1-4ACD-82D6-30F29A2FABFE}"
EndProject
Global
	GlobalSection(SolutionConfigurationPlatforms) = preSolution
		Debug|Any CPU = Debug|Any CPU
		Release|Any CPU = Release|Any CPU
	EndGlobalSection
	GlobalSection(ProjectConfigurationPlatforms) = postSolution
		{C63B3FA4-3AB1-4ACD-82D6-30F29A2FABFE}.Debug|Any CPU.ActiveCfg = Debug|Any CPU
		{C63B3FA4-3AB1-4ACD-82D6-30F29A2FABFE}.Debug|Any CPU.Build.0 = Debug|Any CPU
		{C63B3FA4-3AB1-4ACD-82D6-30F29A2FABFE}.Release|Any CPU.ActiveCfg = Release|Any CPU
		{C63B3FA4-3AB1-4ACD-82D6-30F29A2FABFE}.Release|Any CPU.Build.0 = Release|Any CPU
	EndGlobalSection
	GlobalSection(SolutionProperties) = preSolution
		HideSolutionNode = FALSE
	EndGlobalSection
	GlobalSection(ExtensibilityGlobals) = postSolution
		SolutionGuid = {0B9C0130-EC61-4AEC-9B58-5393379DD551}
	EndGlobalSection
EndGlobal
